
Microsoft Visual Studio Solution File, Format Version 12.00
# Visual Studio Version 16
VisualStudioVersion = 16.0.31624.102
MinimumVisualStudioVersion = 10.0.40219.1
Project("{9A19103F-16F7-4668-BE54-9A1E7A4F7556}") = "GameServer", "GameServer.csproj", "{9DC08F18-DA99-4348-A395-DAF5F9324FA5}"
EndProject
Global
	GlobalSection(SolutionConfigurationPlatforms) = preSolution
		Debug|Any CPU = Debug|Any CPU
		Release|Any CPU = Release|Any CPU
	EndGlobalSection
	GlobalSection(ProjectConfigurationPlatforms) = postSolution
		{9DC08F18-DA99-4348-A395-DAF5F9324FA5}.Debug|Any CPU.ActiveCfg = Debug|Any CPU
		{9DC08F18-DA99-4348-A395-DAF5F9324FA5}.Debug|Any CPU.Build.0 = Debug|Any CPU
		{9DC08F18-DA99-4348-A395-DAF5F9324FA5}.Release|Any CPU.ActiveCfg = Release|Any CPU
		{9DC08F18-DA99-4348-A395-DAF5F9324FA5}.Release|Any CPU.Build.0 = Release|Any CPU
	EndGlobalSection
	GlobalSection(SolutionProperties) = preSolution
		HideSolutionNode = FALSE
	EndGlobalSection
	GlobalSection(ExtensibilityGlobals) = postSolution
		SolutionGuid = {E971A329-696C-449F-9E11-723903528C67}
	EndGlobalSection
EndGlobal
